
Microsoft Visual Studio Solution File, Format Version 12.00
# Visual Studio 15
VisualStudioVersion = 15.0.26124.0
MinimumVisualStudioVersion = 15.0.26124.0
Project("{FAE04EC0-301F-11D3-BF4B-00C04F79EFBC}") = "Send", "Send\Send.csproj", "{6B30FEE7-3298-4E87-BD74-DFB4F99FA6E7}"
EndProject
Project("{FAE04EC0-301F-11D3-BF4B-00C04F79EFBC}") = "Receive", "Receive\Receive.csproj", "{C7652D2C-88E3-4DE3-B95F-69AC6F1BE9D2}"
EndProject
Project("{FAE04EC0-301F-11D3-BF4B-00C04F79EFBC}") = "NewTask", "NewTask\NewTask.csproj", "{9BD4BDEE-520D-474B-9576-35B00CC4F52D}"
EndProject
Project("{FAE04EC0-301F-11D3-BF4B-00C04F79EFBC}") = "Worker", "Worker\Worker.csproj", "{CDB7116B-19AA-40D8-842C-D8D59E0F00EB}"
EndProject
Project("{FAE04EC0-301F-11D3-BF4B-00C04F79EFBC}") = "EmitLog", "EmitLog\EmitLog.csproj", "{5FA50441-563E-4DEC-98BE-411595257D57}"
EndProject
Project("{FAE04EC0-301F-11D3-BF4B-00C04F79EFBC}") = "ReceiveLogs", "ReceiveLogs\ReceiveLogs.csproj", "{84CF14F5-A2EF-4342-86A6-017C94C34FAB}"
EndProject
Project("{FAE04EC0-301F-11D3-BF4B-00C04F79EFBC}") = "EmitLogDirect", "EmitLogDirect\EmitLogDirect.csproj", "{60625211-9C11-4EEE-B84E-D0CC6FAEB1F7}"
EndProject
Project("{FAE04EC0-301F-11D3-BF4B-00C04F79EFBC}") = "ReceiveLogsDirect", "ReceiveLogsDirect\ReceiveLogsDirect.csproj", "{898A52FC-A8BD-4769-8A20-1AE53B4006E4}"
EndProject
Global
	GlobalSection(SolutionConfigurationPlatforms) = preSolution
		Debug|Any CPU = Debug|Any CPU
		Debug|x64 = Debug|x64
		Debug|x86 = Debug|x86
		Release|Any CPU = Release|Any CPU
		Release|x64 = Release|x64
		Release|x86 = Release|x86
	EndGlobalSection
	GlobalSection(SolutionProperties) = preSolution
		HideSolutionNode = FALSE
	EndGlobalSection
	GlobalSection(ProjectConfigurationPlatforms) = postSolution
		{6B30FEE7-3298-4E87-BD74-DFB4F99FA6E7}.Debug|Any CPU.ActiveCfg = Debug|Any CPU
		{6B30FEE7-3298-4E87-BD74-DFB4F99FA6E7}.Debug|Any CPU.Build.0 = Debug|Any CPU
		{6B30FEE7-3298-4E87-BD74-DFB4F99FA6E7}.Debug|x64.ActiveCfg = Debug|Any CPU
		{6B30FEE7-3298-4E87-BD74-DFB4F99FA6E7}.Debug|x64.Build.0 = Debug|Any CPU
		{6B30FEE7-3298-4E87-BD74-DFB4F99FA6E7}.Debug|x86.ActiveCfg = Debug|Any CPU
		{6B30FEE7-3298-4E87-BD74-DFB4F99FA6E7}.Debug|x86.Build.0 = Debug|Any CPU
		{6B30FEE7-3298-4E87-BD74-DFB4F99FA6E7}.Release|Any CPU.ActiveCfg = Release|Any CPU
		{6B30FEE7-3298-4E87-BD74-DFB4F99FA6E7}.Release|Any CPU.Build.0 = Release|Any CPU
		{6B30FEE7-3298-4E87-BD74-DFB4F99FA6E7}.Release|x64.ActiveCfg = Release|Any CPU
		{6B30FEE7-3298-4E87-BD74-DFB4F99FA6E7}.Release|x64.Build.0 = Release|Any CPU
		{6B30FEE7-3298-4E87-BD74-DFB4F99FA6E7}.Release|x86.ActiveCfg = Release|Any CPU
		{6B30FEE7-3298-4E87-BD74-DFB4F99FA6E7}.Release|x86.Build.0 = Release|Any CPU
		{C7652D2C-88E3-4DE3-B95F-69AC6F1BE9D2}.Debug|Any CPU.ActiveCfg = Debug|Any CPU
		{C7652D2C-88E3-4DE3-B95F-69AC6F1BE9D2}.Debug|Any CPU.Build.0 = Debug|Any CPU
		{C7652D2C-88E3-4DE3-B95F-69AC6F1BE9D2}.Debug|x64.ActiveCfg = Debug|Any CPU
		{C7652D2C-88E3-4DE3-B95F-69AC6F1BE9D2}.Debug|x64.Build.0 = Debug|Any CPU
		{C7652D2C-88E3-4DE3-B95F-69AC6F1BE9D2}.Debug|x86.ActiveCfg = Debug|Any CPU
		{C7652D2C-88E3-4DE3-B95F-69AC6F1BE9D2}.Debug|x86.Build.0 = Debug|Any CPU
		{C7652D2C-88E3-4DE3-B95F-69AC6F1BE9D2}.Release|Any CPU.ActiveCfg = Release|Any CPU
		{C7652D2C-88E3-4DE3-B95F-69AC6F1BE9D2}.Release|Any CPU.Build.0 = Release|Any CPU
		{C7652D2C-88E3-4DE3-B95F-69AC6F1BE9D2}.Release|x64.ActiveCfg = Release|Any CPU
		{C7652D2C-88E3-4DE3-B95F-69AC6F1BE9D2}.Release|x64.Build.0 = Release|Any CPU
		{C7652D2C-88E3-4DE3-B95F-69AC6F1BE9D2}.Release|x86.ActiveCfg = Release|Any CPU
		{C7652D2C-88E3-4DE3-B95F-69AC6F1BE9D2}.Release|x86.Build.0 = Release|Any CPU
		{9BD4BDEE-520D-474B-9576-35B00CC4F52D}.Debug|Any CPU.ActiveCfg = Debug|Any CPU
		{9BD4BDEE-520D-474B-9576-35B00CC4F52D}.Debug|Any CPU.Build.0 = Debug|Any CPU
		{9BD4BDEE-520D-474B-9576-35B00CC4F52D}.Debug|x64.ActiveCfg = Debug|Any CPU
		{9BD4BDEE-520D-474B-9576-35B00CC4F52D}.Debug|x64.Build.0 = Debug|Any CPU
		{9BD4BDEE-520D-474B-9576-35B00CC4F52D}.Debug|x86.ActiveCfg = Debug|Any CPU
		{9BD4BDEE-520D-474B-9576-35B00CC4F52D}.Debug|x86.Build.0 = Debug|Any CPU
		{9BD4BDEE-520D-474B-9576-35B00CC4F52D}.Release|Any CPU.ActiveCfg = Release|Any CPU
		{9BD4BDEE-520D-474B-9576-35B00CC4F52D}.Release|Any CPU.Build.0 = Release|Any CPU
		{9BD4BDEE-520D-474B-9576-35B00CC4F52D}.Release|x64.ActiveCfg = Release|Any CPU
		{9BD4BDEE-520D-474B-9576-35B00CC4F52D}.Release|x64.Build.0 = Release|Any CPU
		{9BD4BDEE-520D-474B-9576-35B00CC4F52D}.Release|x86.ActiveCfg = Release|Any CPU
		{9BD4BDEE-520D-474B-9576-35B00CC4F52D}.Release|x86.Build.0 = Release|Any CPU
		{CDB7116B-19AA-40D8-842C-D8D59E0F00EB}.Debug|Any CPU.ActiveCfg = Debug|Any CPU
		{CDB7116B-19AA-40D8-842C-D8D59E0F00EB}.Debug|Any CPU.Build.0 = Debug|Any CPU
		{CDB7116B-19AA-40D8-842C-D8D59E0F00EB}.Debug|x64.ActiveCfg = Debug|Any CPU
		{CDB7116B-19AA-40D8-842C-D8D59E0F00EB}.Debug|x64.Build.0 = Debug|Any CPU
		{CDB7116B-19AA-40D8-842C-D8D59E0F00EB}.Debug|x86.ActiveCfg = Debug|Any CPU
		{CDB7116B-19AA-40D8-842C-D8D59E0F00EB}.Debug|x86.Build.0 = Debug|Any CPU
		{CDB7116B-19AA-40D8-842C-D8D59E0F00EB}.Release|Any CPU.ActiveCfg = Release|Any CPU
		{CDB7116B-19AA-40D8-842C-D8D59E0F00EB}.Release|Any CPU.Build.0 = Release|Any CPU
		{CDB7116B-19AA-40D8-842C-D8D59E0F00EB}.Release|x64.ActiveCfg = Release|Any CPU
		{CDB7116B-19AA-40D8-842C-D8D59E0F00EB}.Release|x64.Build.0 = Release|Any CPU
		{CDB7116B-19AA-40D8-842C-D8D59E0F00EB}.Release|x86.ActiveCfg = Release|Any CPU
		{CDB7116B-19AA-40D8-842C-D8D59E0F00EB}.Release|x86.Build.0 = Release|Any CPU
		{5FA50441-563E-4DEC-98BE-411595257D57}.Debug|Any CPU.ActiveCfg = Debug|Any CPU
		{5FA50441-563E-4DEC-98BE-411595257D57}.Debug|Any CPU.Build.0 = Debug|Any CPU
		{5FA50441-563E-4DEC-98BE-411595257D57}.Debug|x64.ActiveCfg = Debug|Any CPU
		{5FA50441-563E-4DEC-98BE-411595257D57}.Debug|x64.Build.0 = Debug|Any CPU
		{5FA50441-563E-4DEC-98BE-411595257D57}.Debug|x86.ActiveCfg = Debug|Any CPU
		{5FA50441-563E-4DEC-98BE-411595257D57}.Debug|x86.Build.0 = Debug|Any CPU
		{5FA50441-563E-4DEC-98BE-411595257D57}.Release|Any CPU.ActiveCfg = Release|Any CPU
		{5FA50441-563E-4DEC-98BE-411595257D57}.Release|Any CPU.Build.0 = Release|Any CPU
		{5FA50441-563E-4DEC-98BE-411595257D57}.Release|x64.ActiveCfg = Release|Any CPU
		{5FA50441-563E-4DEC-98BE-411595257D57}.Release|x64.Build.0 = Release|Any CPU
		{5FA50441-563E-4DEC-98BE-411595257D57}.Release|x86.ActiveCfg = Release|Any CPU
		{5FA50441-563E-4DEC-98BE-411595257D57}.Release|x86.Build.0 = Release|Any CPU
		{84CF14F5-A2EF-4342-86A6-017C94C34FAB}.Debug|Any CPU.ActiveCfg = Debug|Any CPU
		{84CF14F5-A2EF-4342-86A6-017C94C34FAB}.Debug|Any CPU.Build.0 = Debug|Any CPU
		{84CF14F5-A2EF-4342-86A6-017C94C34FAB}.Debug|x64.ActiveCfg = Debug|Any CPU
		{84CF14F5-A2EF-4342-86A6-017C94C34FAB}.Debug|x64.Build.0 = Debug|Any CPU
		{84CF14F5-A2EF-4342-86A6-017C94C34FAB}.Debug|x86.ActiveCfg = Debug|Any CPU
		{84CF14F5-A2EF-4342-86A6-017C94C34FAB}.Debug|x86.Build.0 = Debug|Any CPU
		{84CF14F5-A2EF-4342-86A6-017C94C34FAB}.Release|Any CPU.ActiveCfg = Release|Any CPU
		{84CF14F5-A2EF-4342-86A6-017C94C34FAB}.Release|Any CPU.Build.0 = Release|Any CPU
		{84CF14F5-A2EF-4342-86A6-017C94C34FAB}.Release|x64.ActiveCfg = Release|Any CPU
		{84CF14F5-A2EF-4342-86A6-017C94C34FAB}.Release|x64.Build.0 = Release|Any CPU
		{84CF14F5-A2EF-4342-86A6-017C94C34FAB}.Release|x86.ActiveCfg = Release|Any CPU
		{84CF14F5-A2EF-4342-86A6-017C94C34FAB}.Release|x86.Build.0 = Release|Any CPU
		{60625211-9C11-4EEE-B84E-D0CC6FAEB1F7}.Debug|Any CPU.ActiveCfg = Debug|Any CPU
		{60625211-9C11-4EEE-B84E-D0CC6FAEB1F7}.Debug|Any CPU.Build.0 = Debug|Any CPU
		{60625211-9C11-4EEE-B84E-D0CC6FAEB1F7}.Debug|x64.ActiveCfg = Debug|Any CPU
		{60625211-9C11-4EEE-B84E-D0CC6FAEB1F7}.Debug|x64.Build.0 = Debug|Any CPU
		{60625211-9C11-4EEE-B84E-D0CC6FAEB1F7}.Debug|x86.ActiveCfg = Debug|Any CPU
		{60625211-9C11-4EEE-B84E-D0CC6FAEB1F7}.Debug|x86.Build.0 = Debug|Any CPU
		{60625211-9C11-4EEE-B84E-D0CC6FAEB1F7}.Release|Any CPU.ActiveCfg = Release|Any CPU
		{60625211-9C11-4EEE-B84E-D0CC6FAEB1F7}.Release|Any CPU.Build.0 = Release|Any CPU
		{60625211-9C11-4EEE-B84E-D0CC6FAEB1F7}.Release|x64.ActiveCfg = Release|Any CPU
		{60625211-9C11-4EEE-B84E-D0CC6FAEB1F7}.Release|x64.Build.0 = Release|Any CPU
		{60625211-9C11-4EEE-B84E-D0CC6FAEB1F7}.Release|x86.ActiveCfg = Release|Any CPU
		{60625211-9C11-4EEE-B84E-D0CC6FAEB1F7}.Release|x86.Build.0 = Release|Any CPU
		{898A52FC-A8BD-4769-8A20-1AE53B4006E4}.Debug|Any CPU.ActiveCfg = Debug|Any CPU
		{898A52FC-A8BD-4769-8A20-1AE53B4006E4}.Debug|Any CPU.Build.0 = Debug|Any CPU
		{898A52FC-A8BD-4769-8A20-1AE53B4006E4}.Debug|x64.ActiveCfg = Debug|Any CPU
		{898A52FC-A8BD-4769-8A20-1AE53B4006E4}.Debug|x64.Build.0 = Debug|Any CPU
		{898A52FC-A8BD-4769-8A20-1AE53B4006E4}.Debug|x86.ActiveCfg = Debug|Any CPU
		{898A52FC-A8BD-4769-8A20-1AE53B4006E4}.Debug|x86.Build.0 = Debug|Any CPU
		{898A52FC-A8BD-4769-8A20-1AE53B4006E4}.Release|Any CPU.ActiveCfg = Release|Any CPU
		{898A52FC-A8BD-4769-8A20-1AE53B4006E4}.Release|Any CPU.Build.0 = Release|Any CPU
		{898A52FC-A8BD-4769-8A20-1AE53B4006E4}.Release|x64.ActiveCfg = Release|Any CPU
		{898A52FC-A8BD-4769-8A20-1AE53B4006E4}.Release|x64.Build.0 = Release|Any CPU
		{898A52FC-A8BD-4769-8A20-1AE53B4006E4}.Release|x86.ActiveCfg = Release|Any CPU
		{898A52FC-A8BD-4769-8A20-1AE53B4006E4}.Release|x86.Build.0 = Release|Any CPU
	EndGlobalSection
EndGlobal
